# THIS IS AN AUTOGENERATED FILE. DO NOT EDIT THIS FILE DIRECTLY.
# yarn lockfile v1


vue-agile@^1.0.11:
  version "1.0.11"
  resolved "https://registry.yarnpkg.com/vue-agile/-/vue-agile-1.0.11.tgz#4f0e74a5fb6ff41564d74bbf76e3c7dc06b5d1a0"
  integrity sha512-iOc3qkTjJx5HldP3e9KGYtrYOg/1TG1FpcJQOQKGXHxPO2WAS0MU10tA4ydNbrTM7DTBaIo8RReZsxevFordNg==
  dependencies:
    vue "^2.6.10"

vue@^2.6.10:
  version "2.6.10"
  resolved "https://registry.yarnpkg.com/vue/-/vue-2.6.10.tgz#a72b1a42a4d82a721ea438d1b6bf55e66195c637"
  integrity sha512-ImThpeNU9HbdZL3utgMCq0oiMzAkt1mcgy3/E6zWC/G6AaQoeuFdsl9nDhTDU3X1R6FK7nsIUuRACVcjI+A2GQ==
